
Microsoft Visual Studio Solution File, Format Version 12.00
# Visual Studio 15
VisualStudioVersion = 15.0.28010.2026
MinimumVisualStudioVersion = 10.0.40219.1
Project("{FAE04EC0-301F-11D3-BF4B-00C04F79EFBC}") = "FakerUnitTests", "FakerUnitTests\FakerUnitTests.csproj", "{DD335B5D-B875-4AA0-B116-38627089E67D}"
EndProject
Global
	GlobalSection(SolutionConfigurationPlatforms) = preSolution
		Debug|Any CPU = Debug|Any CPU
		Release|Any CPU = Release|Any CPU
	EndGlobalSection
	GlobalSection(ProjectConfigurationPlatforms) = postSolution
		{DD335B5D-B875-4AA0-B116-38627089E67D}.Debug|Any CPU.ActiveCfg = Debug|Any CPU
		{DD335B5D-B875-4AA0-B116-38627089E67D}.Debug|Any CPU.Build.0 = Debug|Any CPU
		{DD335B5D-B875-4AA0-B116-38627089E67D}.Release|Any CPU.ActiveCfg = Release|Any CPU
		{DD335B5D-B875-4AA0-B116-38627089E67D}.Release|Any CPU.Build.0 = Release|Any CPU
	EndGlobalSection
	GlobalSection(SolutionProperties) = preSolution
		HideSolutionNode = FALSE
	EndGlobalSection
	GlobalSection(ExtensibilityGlobals) = postSolution
		SolutionGuid = {39D3835A-BE59-4E56-B79A-00B81AB63052}
	EndGlobalSection
EndGlobal
